
Microsoft Visual Studio Solution File, Format Version 12.00
# Visual Studio Version 16
VisualStudioVersion = 16.0.31727.386
MinimumVisualStudioVersion = 10.0.40219.1
Project("{FAE04EC0-301F-11D3-BF4B-00C04F79EFBC}") = "TwitchBot", "TwitchBot\TwitchBot.csproj", "{3E1EDAC6-BBBB-4017-8F7F-635C480299E8}"
EndProject
Project("{2150E333-8FDC-42A3-9474-1A3956D46DE8}") = "Solution Items", "Solution Items", "{85657021-D171-49D5-80FE-B8CFBC24335F}"
	ProjectSection(SolutionItems) = preProject
		.editorconfig = .editorconfig
	EndProjectSection
EndProject
Global
	GlobalSection(SolutionConfigurationPlatforms) = preSolution
		Debug|Any CPU = Debug|Any CPU
		Release|Any CPU = Release|Any CPU
	EndGlobalSection
	GlobalSection(ProjectConfigurationPlatforms) = postSolution
		{3E1EDAC6-BBBB-4017-8F7F-635C480299E8}.Debug|Any CPU.ActiveCfg = Debug|Any CPU
		{3E1EDAC6-BBBB-4017-8F7F-635C480299E8}.Debug|Any CPU.Build.0 = Debug|Any CPU
		{3E1EDAC6-BBBB-4017-8F7F-635C480299E8}.Release|Any CPU.ActiveCfg = Release|Any CPU
		{3E1EDAC6-BBBB-4017-8F7F-635C480299E8}.Release|Any CPU.Build.0 = Release|Any CPU
	EndGlobalSection
	GlobalSection(SolutionProperties) = preSolution
		HideSolutionNode = FALSE
	EndGlobalSection
	GlobalSection(ExtensibilityGlobals) = postSolution
		SolutionGuid = {B1F66104-50BD-45C8-A229-C22822FB886B}
	EndGlobalSection
EndGlobal
